
Microsoft Visual Studio Solution File, Format Version 12.00
# Visual Studio Version 17
VisualStudioVersion = 17.3.32819.101
MinimumVisualStudioVersion = 10.0.40219.1
Project("{9A19103F-16F7-4668-BE54-9A1E7A4F7556}") = "IMS.WebApp", "IMS.WebApp\IMS.WebApp.csproj", "{0FB16DD0-8CCA-4763-BD55-6D8AD683E33C}"
EndProject
Project("{9A19103F-16F7-4668-BE54-9A1E7A4F7556}") = "IMS.UseCases", "IMS.UseCases\IMS.UseCases.csproj", "{024BDC37-8080-4535-8193-9A4B0B1A736B}"
EndProject
Project("{9A19103F-16F7-4668-BE54-9A1E7A4F7556}") = "IMS.CoreBusiness", "IMS.CoreBusiness\IMS.CoreBusiness.csproj", "{76A04F69-34ED-41E9-9BA0-AF638FEA9584}"
EndProject
Project("{9A19103F-16F7-4668-BE54-9A1E7A4F7556}") = "IMS.Plugins.EFCore", "IMS.Plugins.EFCore\IMS.Plugins.EFCore.csproj", "{20F76A92-F9A7-4169-9B1B-BC917F1C75C6}"
EndProject
Global
	GlobalSection(SolutionConfigurationPlatforms) = preSolution
		Debug|Any CPU = Debug|Any CPU
		Release|Any CPU = Release|Any CPU
	EndGlobalSection
	GlobalSection(ProjectConfigurationPlatforms) = postSolution
		{0FB16DD0-8CCA-4763-BD55-6D8AD683E33C}.Debug|Any CPU.ActiveCfg = Debug|Any CPU
		{0FB16DD0-8CCA-4763-BD55-6D8AD683E33C}.Debug|Any CPU.Build.0 = Debug|Any CPU
		{0FB16DD0-8CCA-4763-BD55-6D8AD683E33C}.Release|Any CPU.ActiveCfg = Release|Any CPU
		{0FB16DD0-8CCA-4763-BD55-6D8AD683E33C}.Release|Any CPU.Build.0 = Release|Any CPU
		{024BDC37-8080-4535-8193-9A4B0B1A736B}.Debug|Any CPU.ActiveCfg = Debug|Any CPU
		{024BDC37-8080-4535-8193-9A4B0B1A736B}.Debug|Any CPU.Build.0 = Debug|Any CPU
		{024BDC37-8080-4535-8193-9A4B0B1A736B}.Release|Any CPU.ActiveCfg = Release|Any CPU
		{024BDC37-8080-4535-8193-9A4B0B1A736B}.Release|Any CPU.Build.0 = Release|Any CPU
		{76A04F69-34ED-41E9-9BA0-AF638FEA9584}.Debug|Any CPU.ActiveCfg = Debug|Any CPU
		{76A04F69-34ED-41E9-9BA0-AF638FEA9584}.Debug|Any CPU.Build.0 = Debug|Any CPU
		{76A04F69-34ED-41E9-9BA0-AF638FEA9584}.Release|Any CPU.ActiveCfg = Release|Any CPU
		{76A04F69-34ED-41E9-9BA0-AF638FEA9584}.Release|Any CPU.Build.0 = Release|Any CPU
		{20F76A92-F9A7-4169-9B1B-BC917F1C75C6}.Debug|Any CPU.ActiveCfg = Debug|Any CPU
		{20F76A92-F9A7-4169-9B1B-BC917F1C75C6}.Debug|Any CPU.Build.0 = Debug|Any CPU
		{20F76A92-F9A7-4169-9B1B-BC917F1C75C6}.Release|Any CPU.ActiveCfg = Release|Any CPU
		{20F76A92-F9A7-4169-9B1B-BC917F1C75C6}.Release|Any CPU.Build.0 = Release|Any CPU
	EndGlobalSection
	GlobalSection(SolutionProperties) = preSolution
		HideSolutionNode = FALSE
	EndGlobalSection
	GlobalSection(ExtensibilityGlobals) = postSolution
		SolutionGuid = {1B04503E-61BA-46D0-B6C7-C1175FF9E235}
	EndGlobalSection
EndGlobal
